
Microsoft Visual Studio Solution File, Format Version 12.00
# Visual Studio Version 17
VisualStudioVersion = 17.9.34622.214
MinimumVisualStudioVersion = 10.0.40219.1
Project("{888888A0-9F3D-457C-B088-3A5042F75D52}") = "DiveIntoDeepLearning(PyTorch)", "DiveIntoDeepLearning(PyTorch).pyproj", "{4AD362EC-7575-4C62-B5DF-B4425090003B}"
EndProject
Global
	GlobalSection(SolutionConfigurationPlatforms) = preSolution
		Debug|Any CPU = Debug|Any CPU
		Release|Any CPU = Release|Any CPU
	EndGlobalSection
	GlobalSection(ProjectConfigurationPlatforms) = postSolution
		{4AD362EC-7575-4C62-B5DF-B4425090003B}.Debug|Any CPU.ActiveCfg = Debug|Any CPU
		{4AD362EC-7575-4C62-B5DF-B4425090003B}.Release|Any CPU.ActiveCfg = Release|Any CPU
	EndGlobalSection
	GlobalSection(SolutionProperties) = preSolution
		HideSolutionNode = FALSE
	EndGlobalSection
	GlobalSection(ExtensibilityGlobals) = postSolution
		SolutionGuid = {91A38643-C4B4-42B4-8371-8C2FF165830D}
	EndGlobalSection
EndGlobal
